// !$*UTF8*$!
{
	archiveVersion = 1;
	classes = {
	};
	objectVersion = 46;
	objects = {

/* Begin PBXBuildFile section */
		2D8375D31C45BD3400B14FE3 /* AppDelegate.swift in Sources */ = {isa = PBXBuildFile; fileRef = 2D8375D21C45BD3400B14FE3 /* AppDelegate.swift */; };
		2D8375D51C45BD3400B14FE3 /* ViewController.swift in Sources */ = {isa = PBXBuildFile; fileRef = 2D8375D41C45BD3400B14FE3 /* ViewController.swift */; };
		2D8375D81C45BD3400B14FE3 /* Main.storyboard in Resources */ = {isa = PBXBuildFile; fileRef = 2D8375D61C45BD3400B14FE3 /* Main.storyboard */; };
		2D8375DA1C45BD3400B14FE3 /* Assets.xcassets in Resources */ = {isa = PBXBuildFile; fileRef = 2D8375D91C45BD3400B14FE3 /* Assets.xcassets */; };
		2D8375DD1C45BD3400B14FE3 /* LaunchScreen.storyboard in Resources */ = {isa = PBXBuildFile; fileRef = 2D8375DB1C45BD3400B14FE3 /* LaunchScreen.storyboard */; };
		2D8375E81C45BD3400B14FE3 /* Vocab_RapTests.swift in Sources */ = {isa = PBXBuildFile; fileRef = 2D8375E71C45BD3400B14FE3 /* Vocab_RapTests.swift */; };
/* End PBXBuildFile section */

/* Begin PBXContainerItemProxy section */
		2D8375E41C45BD3400B14FE3 /* PBXContainerItemProxy */ = {
			isa = PBXContainerItemProxy;
			containerPortal = 2D8375C71C45BD3300B14FE3 /* Project object */;
			proxyType = 1;
			remoteGlobalIDString = 2D8375CE1C45BD3300B14FE3;
			remoteInfo = "Vocab Rap";
		};
/* End PBXContainerItemProxy section */

/* Begin PBXFileReference section */
		2D8375CF1C45BD3300B14FE3 /* Vocab Rap.app */ = {isa = PBXFileReference; explicitFileType = wrapper.application; includeInIndex = 0; path = "Vocab Rap.app"; sourceTree = BUILT_PRODUCTS_DIR; };
		2D8375D21C45BD3400B14FE3 /* AppDelegate.swift */ = {isa = PBXFileReference; lastKnownFileType = sourcecode.swift; path = AppDelegate.swift; sourceTree = "<group>"; };
		2D8375D41C45BD3400B14FE3 /* ViewController.swift */ = {isa = PBXFileReference; lastKnownFileType = sourcecode.swift; path = ViewController.swift; sourceTree = "<group>"; };
		2D8375D71C45BD3400B14FE3 /* Base */ = {isa = PBXFileReference; lastKnownFileType = file.storyboard; name = Base; path = Base.lproj/Main.storyboard; sourceTree = "<group>"; };
		2D8375D91C45BD3400B14FE3 /* Assets.xcassets */ = {isa = PBXFileReference; lastKnownFileType = folder.assetcatalog; path = Assets.xcassets; sourceTree = "<group>"; };
		2D8375DC1C45BD3400B14FE3 /* Base */ = {isa = PBXFileReference; lastKnownFileType = file.storyboard; name = Base; path = Base.lproj/LaunchScreen.storyboard; sourceTree = "<group>"; };
		2D8375DE1C45BD3400B14FE3 /* Info.plist */ = {isa = PBXFileReference; lastKnownFileType = text.plist.xml; path = Info.plist; sourceTree = "<group>"; };
		2D8375E31C45BD3400B14FE3 /* Vocab RapTests.xctest */ = {isa = PBXFileReference; explicitFileType = wrapper.cfbundle; includeInIndex = 0; path = "Vocab RapTests.xctest"; sourceTree = BUILT_PRODUCTS_DIR; };
		2D8375E71C45BD3400B14FE3 /* Vocab_RapTests.swift */ = {isa = PBXFileReference; lastKnownFileType = sourcecode.swift; path = Vocab_RapTests.swift; sourceTree = "<group>"; };
		2D8375E91C45BD3400B14FE3 /* Info.plist */ = {isa = PBXFileReference; lastKnownFileType = text.plist.xml; path = Info.plist; sourceTree = "<group>"; };
/* End PBXFileReference section */

/* Begin PBXFrameworksBuildPhase section */
		2D8375CC1C45BD3300B14FE3 /* Frameworks */ = {
			isa = PBXFrameworksBuildPhase;
			buildActionMask = 2147483647;
			files = (
			);
			runOnlyForDeploymentPostprocessing = 0;
		};
		2D8375E01C45BD3400B14FE3 /* Frameworks */ = {
			isa = PBXFrameworksBuildPhase;
			buildActionMask = 2147483647;
			files = (
			);
			runOnlyForDeploymentPostprocessing = 0;
		};
/* End PBXFrameworksBuildPhase section */

/* Begin PBXGroup section */
		2D8375C61C45BD3300B14FE3 = {
			isa = PBXGroup;
			children = (
				2D8375D11C45BD3400B14FE3 /* Vocab Rap */,
				2D8375E61C45BD3400B14FE3 /* Vocab RapTests */,
				2D8375D01C45BD3300B14FE3 /* Products */,
			);
			sourceTree = "<group>";
		};
		2D8375D01C45BD3300B14FE3 /* Products */ = {
			isa = PBXGroup;
			children = (
				2D8375CF1C45BD3300B14FE3 /* Vocab Rap.app */,
				2D8375E31C45BD3400B14FE3 /* Vocab RapTests.xctest */,
			);
			name = Products;
			sourceTree = "<group>";
		};
		2D8375D11C45BD3400B14FE3 /* Vocab Rap */ = {
			isa = PBXGroup;
			children = (
				2D8375D21C45BD3400B14FE3 /* AppDelegate.swift */,
				2D8375D41C45BD3400B14FE3 /* ViewController.swift */,
				2D8375D61C45BD3400B14FE3 /* Main.storyboard */,
				2D8375D91C45BD3400B14FE3 /* Assets.xcassets */,
				2D8375DB1C45BD3400B14FE3 /* LaunchScreen.storyboard */,
				2D8375DE1C45BD3400B14FE3 /* Info.plist */,
			);
			path = "Vocab Rap";
			sourceTree = "<group>";
		};
		2D8375E61C45BD3400B14FE3 /* Vocab RapTests */ = {
			isa = PBXGroup;
			children = (
				2D8375E71C45BD3400B14FE3 /* Vocab_RapTests.swift */,
				2D8375E91C45BD3400B14FE3 /* Info.plist */,
			);
			path = "Vocab RapTests";
			sourceTree = "<group>";
		};
/* End PBXGroup section */

/* Begin PBXNativeTarget section */
		2D8375CE1C45BD3300B14FE3 /* Vocab Rap */ = {
			isa = PBXNativeTarget;
			buildConfigurationList = 2D8375EC1C45BD3400B14FE3 /* Build configuration list for PBXNativeTarget "Vocab Rap" */;
			buildPhases = (
				2D8375CB1C45BD3300B14FE3 /* Sources */,
				2D8375CC1C45BD3300B14FE3 /* Frameworks */,
				2D8375CD1C45BD3300B14FE3 /* Resources */,
			);
			buildRules = (
			);
			dependencies = (
			);
			name = "Vocab Rap";
			productName = "Vocab Rap";
			productReference = 2D8375CF1C45BD3300B14FE3 /* Vocab Rap.app */;
			productType = "com.apple.product-type.application";
		};
		2D8375E21C45BD3400B14FE3 /* Vocab RapTests */ = {
			isa = PBXNativeTarget;
			buildConfigurationList = 2D8375EF1C45BD3400B14FE3 /* Build configuration list for PBXNativeTarget "Vocab RapTests" */;
			buildPhases = (
				2D8375DF1C45BD3400B14FE3 /* Sources */,
				2D8375E01C45BD3400B14FE3 /* Frameworks */,
				2D8375E11C45BD3400B14FE3 /* Resources */,
			);
			buildRules = (
			);
			dependencies = (
				2D8375E51C45BD3400B14FE3 /* PBXTargetDependency */,
			);
			name = "Vocab RapTests";
			productName = "Vocab RapTests";
			productReference = 2D8375E31C45BD3400B14FE3 /* Vocab RapTests.xctest */;
			productType = "com.apple.product-type.bundle.unit-test";
		};
/* End PBXNativeTarget section */

/* Begin PBXProject section */
		2D8375C71C45BD3300B14FE3 /* Project object */ = {
			isa = PBXProject;
			attributes = {
				LastSwiftUpdateCheck = 0720;
				LastUpgradeCheck = 0720;
				ORGANIZATIONNAME = "Sid Girkar";
				TargetAttributes = {
					2D8375CE1C45BD3300B14FE3 = {
						CreatedOnToolsVersion = 7.2;
						DevelopmentTeam = JY5HJT88F8;
					};
					2D8375E21C45BD3400B14FE3 = {
						CreatedOnToolsVersion = 7.2;
						DevelopmentTeam = JY5HJT88F8;
						TestTargetID = 2D8375CE1C45BD3300B14FE3;
					};
				};
			};
			buildConfigurationList = 2D8375CA1C45BD3300B14FE3 /* Build configuration list for PBXProject "Vocab Rap" */;
			compatibilityVersion = "Xcode 3.2";
			developmentRegion = English;
			hasScannedForEncodings = 0;
			knownRegions = (
				en,
				Base,
			);
			mainGroup = 2D8375C61C45BD3300B14FE3;
			productRefGroup = 2D8375D01C45BD3300B14FE3 /* Products */;
			projectDirPath = "";
			projectRoot = "";
			targets = (
				2D8375CE1C45BD3300B14FE3 /* Vocab Rap */,
				2D8375E21C45BD3400B14FE3 /* Vocab RapTests */,
			);
		};
/* End PBXProject section */

/* Begin PBXResourcesBuildPhase section */
		2D8375CD1C45BD3300B14FE3 /* Resources */ = {
			isa = PBXResourcesBuildPhase;
			buildActionMask = 2147483647;
			files = (
				2D8375DD1C45BD3400B14FE3 /* LaunchScreen.storyboard in Resources */,
				2D8375DA1C45BD3400B14FE3 /* Assets.xcassets in Resources */,
				2D8375D81C45BD3400B14FE3 /* Main.storyboard in Resources */,
			);
			runOnlyForDeploymentPostprocessing = 0;
		};
		2D8375E11C45BD3400B14FE3 /* Resources */ = {
			isa = PBXResourcesBuildPhase;
			buildActionMask = 2147483647;
			files = (
			);
			runOnlyForDeploymentPostprocessing = 0;
		};
/* End PBXResourcesBuildPhase section */

/* Begin PBXSourcesBuildPhase section */
		2D8375CB1C45BD3300B14FE3 /* Sources */ = {
			isa = PBXSourcesBuildPhase;
			buildActionMask = 2147483647;
			files = (
				2D8375D51C45BD3400B14FE3 /* ViewController.swift in Sources */,
				2D8375D31C45BD3400B14FE3 /* AppDelegate.swift in Sources */,
			);
			runOnlyForDeploymentPostprocessing = 0;
		};
		2D8375DF1C45BD3400B14FE3 /* Sources */ = {
			isa = PBXSourcesBuildPhase;
			buildActionMask = 2147483647;
			files = (
				2D8375E81C45BD3400B14FE3 /* Vocab_RapTests.swift in Sources */,
			);
			runOnlyForDeploymentPostprocessing = 0;
		};
/* End PBXSourcesBuildPhase section */

/* Begin PBXTargetDependency section */
		2D8375E51C45BD3400B14FE3 /* PBXTargetDependency */ = {
			isa = PBXTargetDependency;
			target = 2D8375CE1C45BD3300B14FE3 /* Vocab Rap */;
			targetProxy = 2D8375E41C45BD3400B14FE3 /* PBXContainerItemProxy */;
		};
/* End PBXTargetDependency section */

/* Begin PBXVariantGroup section */
		2D8375D61C45BD3400B14FE3 /* Main.storyboard */ = {
			isa = PBXVariantGroup;
			children = (
				2D8375D71C45BD3400B14FE3 /* Base */,
			);
			name = Main.storyboard;
			sourceTree = "<group>";
		};
		2D8375DB1C45BD3400B14FE3 /* LaunchScreen.storyboard */ = {
			isa = PBXVariantGroup;
			children = (
				2D8375DC1C45BD3400B14FE3 /* Base */,
			);
			name = LaunchScreen.storyboard;
			sourceTree = "<group>";
		};
/* End PBXVariantGroup section */

/* Begin XCBuildConfiguration section */
		2D8375EA1C45BD3400B14FE3 /* Debug */ = {
			isa = XCBuildConfiguration;
			buildSettings = {
				ALWAYS_SEARCH_USER_PATHS = NO;
				CLANG_CXX_LANGUAGE_STANDARD = "gnu++0x";
				CLANG_CXX_LIBRARY = "libc++";
				CLANG_ENABLE_MODULES = YES;
				CLANG_ENABLE_OBJC_ARC = YES;
				CLANG_WARN_BOOL_CONVERSION = YES;
				CLANG_WARN_CONSTANT_CONVERSION = YES;
				CLANG_WARN_DIRECT_OBJC_ISA_USAGE = YES_ERROR;
				CLANG_WARN_EMPTY_BODY = YES;
				CLANG_WARN_ENUM_CONVERSION = YES;
				CLANG_WARN_INT_CONVERSION = YES;
				CLANG_WARN_OBJC_ROOT_CLASS = YES_ERROR;
				CLANG_WARN_UNREACHABLE_CODE = YES;
				CLANG_WARN__DUPLICATE_METHOD_MATCH = YES;
				"CODE_SIGN_IDENTITY[sdk=iphoneos*]" = "iPhone Developer";
				COPY_PHASE_STRIP = NO;
				DEBUG_INFORMATION_FORMAT = dwarf;
				ENABLE_STRICT_OBJC_MSGSEND = YES;
				ENABLE_TESTABILITY = YES;
				GCC_C_LANGUAGE_STANDARD = gnu99;
				GCC_DYNAMIC_NO_PIC = NO;
				GCC_NO_COMMON_BLOCKS = YES;
				GCC_OPTIMIZATION_LEVEL = 0;
				GCC_PREPROCESSOR_DEFINITIONS = (
					"DEBUG=1",
					"$(inherited)",
				);
				GCC_WARN_64_TO_32_BIT_CONVERSION = YES;
				GCC_WARN_ABOUT_RETURN_TYPE = YES_ERROR;
				GCC_WARN_UNDECLARED_SELECTOR = YES;
				GCC_WARN_UNINITIALIZED_AUTOS = YES_AGGRESSIVE;
				GCC_WARN_UNUSED_FUNCTION = YES;
				GCC_WARN_UNUSED_VARIABLE = YES;
				IPHONEOS_DEPLOYMENT_TARGET = 9.2;
				MTL_ENABLE_DEBUG_INFO = YES;
				ONLY_ACTIVE_ARCH = YES;
				SDKROOT = iphoneos;
				SWIFT_OPTIMIZATION_LEVEL = "-Onone";
				TARGETED_DEVICE_FAMILY = "1,2";
			};
			name = Debug;
		};
		2D8375EB1C45BD3400B14FE3 /* Release */ = {
			isa = XCBuildConfiguration;
			buildSettings = {
				ALWAYS_SEARCH_USER_PATHS = NO;
				CLANG_CXX_LANGUAGE_STANDARD = "gnu++0x";
				CLANG_CXX_LIBRARY = "libc++";
				CLANG_ENABLE_MODULES = YES;
				CLANG_ENABLE_OBJC_ARC = YES;
				CLANG_WARN_BOOL_CONVERSION = YES;
				CLANG_WARN_CONSTANT_CONVERSION = YES;
				CLANG_WARN_DIRECT_OBJC_ISA_USAGE = YES_ERROR;
				CLANG_WARN_EMPTY_BODY = YES;
				CLANG_WARN_ENUM_CONVERSION = YES;
				CLANG_WARN_INT_CONVERSION = YES;
				CLANG_WARN_OBJC_ROOT_CLASS = YES_ERROR;
				CLANG_WARN_UNREACHABLE_CODE = YES;
				CLANG_WARN__DUPLICATE_METHOD_MATCH = YES;
				"CODE_SIGN_IDENTITY[sdk=iphoneos*]" = "iPhone Developer";
				COPY_PHASE_STRIP = NO;
				DEBUG_INFORMATION_FORMAT = "dwarf-with-dsym";
				ENABLE_NS_ASSERTIONS = NO;
				ENABLE_STRICT_OBJC_MSGSEND = YES;
				GCC_C_LANGUAGE_STANDARD = gnu99;
				GCC_NO_COMMON_BLOCKS = YES;
				GCC_WARN_64_TO_32_BIT_CONVERSION = YES;
				GCC_WARN_ABOUT_RETURN_TYPE = YES_ERROR;
				GCC_WARN_UNDECLARED_SELECTOR = YES;
				GCC_WARN_UNINITIALIZED_AUTOS = YES_AGGRESSIVE;
				GCC_WARN_UNUSED_FUNCTION = YES;
				GCC_WARN_UNUSED_VARIABLE = YES;
				IPHONEOS_DEPLOYMENT_TARGET = 9.2;
				MTL_ENABLE_DEBUG_INFO = NO;
				SDKROOT = iphoneos;
				TARGETED_DEVICE_FAMILY = "1,2";
				VALIDATE_PRODUCT = YES;
			};
			name = Release;
		};
		2D8375ED1C45BD3400B14FE3 /* Debug */ = {
			isa = XCBuildConfiguration;
			buildSettings = {
				ASSETCATALOG_COMPILER_APPICON_NAME = AppIcon;
				INFOPLIST_FILE = "Vocab Rap/Info.plist";
				LD_RUNPATH_SEARCH_PATHS = "$(inherited) @executable_path/Frameworks";
				PRODUCT_BUNDLE_IDENTIFIER = "com.example.Vocab-Rap";
				PRODUCT_NAME = "$(TARGET_NAME)";
			};
			name = Debug;
		};
		2D8375EE1C45BD3400B14FE3 /* Release */ = {
			isa = XCBuildConfiguration;
			buildSettings = {
				ASSETCATALOG_COMPILER_APPICON_NAME = AppIcon;
				INFOPLIST_FILE = "Vocab Rap/Info.plist";
				LD_RUNPATH_SEARCH_PATHS = "$(inherited) @executable_path/Frameworks";
				PRODUCT_BUNDLE_IDENTIFIER = "com.example.Vocab-Rap";
				PRODUCT_NAME = "$(TARGET_NAME)";
			};
			name = Release;
		};
		2D8375F01C45BD3400B14FE3 /* Debug */ = {
			isa = XCBuildConfiguration;
			buildSettings = {
				BUNDLE_LOADER = "$(TEST_HOST)";
				INFOPLIST_FILE = "Vocab RapTests/Info.plist";
				LD_RUNPATH_SEARCH_PATHS = "$(inherited) @executable_path/Frameworks @loader_path/Frameworks";
				PRODUCT_BUNDLE_IDENTIFIER = "com.example.Vocab-RapTests";
				PRODUCT_NAME = "$(TARGET_NAME)";
				TEST_HOST = "$(BUILT_PRODUCTS_DIR)/Vocab Rap.app/Vocab Rap";
			};
			name = Debug;
		};
		2D8375F11C45BD3400B14FE3 /* Release */ = {
			isa = XCBuildConfiguration;
			buildSettings = {
				BUNDLE_LOADER = "$(TEST_HOST)";
				INFOPLIST_FILE = "Vocab RapTests/Info.plist";
				LD_RUNPATH_SEARCH_PATHS = "$(inherited) @executable_path/Frameworks @loader_path/Frameworks";
				PRODUCT_BUNDLE_IDENTIFIER = "com.example.Vocab-RapTests";
				PRODUCT_NAME = "$(TARGET_NAME)";
				TEST_HOST = "$(BUILT_PRODUCTS_DIR)/Vocab Rap.app/Vocab Rap";
			};
			name = Release;
		};
/* End XCBuildConfiguration section */

/* Begin XCConfigurationList section */
		2D8375CA1C45BD3300B14FE3 /* Build configuration list for PBXProject "Vocab Rap" */ = {
			isa = XCConfigurationList;
			buildConfigurations = (
				2D8375EA1C45BD3400B14FE3 /* Debug */,
				2D8375EB1C45BD3400B14FE3 /* Release */,
			);
			defaultConfigurationIsVisible = 0;
			defaultConfigurationName = Release;
		};
		2D8375EC1C45BD3400B14FE3 /* Build configuration list for PBXNativeTarget "Vocab Rap" */ = {
			isa = XCConfigurationList;
			buildConfigurations = (
				2D8375ED1C45BD3400B14FE3 /* Debug */,
				2D8375EE1C45BD3400B14FE3 /* Release */,
			);
			defaultConfigurationIsVisible = 0;
		};
		2D8375EF1C45BD3400B14FE3 /* Build configuration list for PBXNativeTarget "Vocab RapTests" */ = {
			isa = XCConfigurationList;
			buildConfigurations = (
				2D8375F01C45BD3400B14FE3 /* Debug */,
				2D8375F11C45BD3400B14FE3 /* Release */,
			);
			defaultConfigurationIsVisible = 0;
		};
/* End XCConfigurationList section */
	};
	rootObject = 2D8375C71C45BD3300B14FE3 /* Project object */;
}
